// !$*UTF8*$!
{
	archiveVersion = 1;
	classes = {
	};
	objectVersion = 50;
	objects = {

/* Begin PBXBuildFile section */
		9413615521C347BF0033E470 /* AppDelegate.swift in Sources */ = {isa = PBXBuildFile; fileRef = 9413615421C347BF0033E470 /* AppDelegate.swift */; };
		9413615721C347BF0033E470 /* ViewController.swift in Sources */ = {isa = PBXBuildFile; fileRef = 9413615621C347BF0033E470 /* ViewController.swift */; };
		9413615A21C347BF0033E470 /* Main.storyboard in Resources */ = {isa = PBXBuildFile; fileRef = 9413615821C347BF0033E470 /* Main.storyboard */; };
		9413615C21C347C00033E470 /* Assets.xcassets in Resources */ = {isa = PBXBuildFile; fileRef = 9413615B21C347C00033E470 /* Assets.xcassets */; };
		9413615F21C347C00033E470 /* LaunchScreen.storyboard in Resources */ = {isa = PBXBuildFile; fileRef = 9413615D21C347C00033E470 /* LaunchScreen.storyboard */; };
		9413616D21C347D80033E470 /* FileProviderExtension.swift in Sources */ = {isa = PBXBuildFile; fileRef = 9413616C21C347D80033E470 /* FileProviderExtension.swift */; };
		9413616F21C347D80033E470 /* FileProviderItem.swift in Sources */ = {isa = PBXBuildFile; fileRef = 9413616E21C347D80033E470 /* FileProviderItem.swift */; };
		9413617121C347D80033E470 /* FileProviderEnumerator.swift in Sources */ = {isa = PBXBuildFile; fileRef = 9413617021C347D80033E470 /* FileProviderEnumerator.swift */; };
		9413617621C347D80033E470 /* FileProviderExtension.appex in Embed App Extensions */ = {isa = PBXBuildFile; fileRef = 9413616A21C347D80033E470 /* FileProviderExtension.appex */; settings = {ATTRIBUTES = (RemoveHeadersOnCopy, ); }; };
/* End PBXBuildFile section */

/* Begin PBXContainerItemProxy section */
		9413617421C347D80033E470 /* PBXContainerItemProxy */ = {
			isa = PBXContainerItemProxy;
			containerPortal = 9413614921C347BF0033E470 /* Project object */;
			proxyType = 1;
			remoteGlobalIDString = 9413616921C347D80033E470;
			remoteInfo = FileProviderExtension;
		};
/* End PBXContainerItemProxy section */

/* Begin PBXCopyFilesBuildPhase section */
		9413617A21C347D80033E470 /* Embed App Extensions */ = {
			isa = PBXCopyFilesBuildPhase;
			buildActionMask = 2147483647;
			dstPath = "";
			dstSubfolderSpec = 13;
			files = (
				9413617621C347D80033E470 /* FileProviderExtension.appex in Embed App Extensions */,
			);
			name = "Embed App Extensions";
			runOnlyForDeploymentPostprocessing = 0;
		};
/* End PBXCopyFilesBuildPhase section */

/* Begin PBXFileReference section */
		9413615121C347BF0033E470 /* FileProviderBugRepro.app */ = {isa = PBXFileReference; explicitFileType = wrapper.application; includeInIndex = 0; path = FileProviderBugRepro.app; sourceTree = BUILT_PRODUCTS_DIR; };
		9413615421C347BF0033E470 /* AppDelegate.swift */ = {isa = PBXFileReference; lastKnownFileType = sourcecode.swift; path = AppDelegate.swift; sourceTree = "<group>"; };
		9413615621C347BF0033E470 /* ViewController.swift */ = {isa = PBXFileReference; lastKnownFileType = sourcecode.swift; path = ViewController.swift; sourceTree = "<group>"; };
		9413615921C347BF0033E470 /* Base */ = {isa = PBXFileReference; lastKnownFileType = file.storyboard; name = Base; path = Base.lproj/Main.storyboard; sourceTree = "<group>"; };
		9413615B21C347C00033E470 /* Assets.xcassets */ = {isa = PBXFileReference; lastKnownFileType = folder.assetcatalog; path = Assets.xcassets; sourceTree = "<group>"; };
		9413615E21C347C00033E470 /* Base */ = {isa = PBXFileReference; lastKnownFileType = file.storyboard; name = Base; path = Base.lproj/LaunchScreen.storyboard; sourceTree = "<group>"; };
		9413616021C347C00033E470 /* Info.plist */ = {isa = PBXFileReference; lastKnownFileType = text.plist.xml; path = Info.plist; sourceTree = "<group>"; };
		9413616A21C347D80033E470 /* FileProviderExtension.appex */ = {isa = PBXFileReference; explicitFileType = "wrapper.app-extension"; includeInIndex = 0; path = FileProviderExtension.appex; sourceTree = BUILT_PRODUCTS_DIR; };
		9413616C21C347D80033E470 /* FileProviderExtension.swift */ = {isa = PBXFileReference; lastKnownFileType = sourcecode.swift; path = FileProviderExtension.swift; sourceTree = "<group>"; };
		9413616E21C347D80033E470 /* FileProviderItem.swift */ = {isa = PBXFileReference; lastKnownFileType = sourcecode.swift; path = FileProviderItem.swift; sourceTree = "<group>"; };
		9413617021C347D80033E470 /* FileProviderEnumerator.swift */ = {isa = PBXFileReference; lastKnownFileType = sourcecode.swift; path = FileProviderEnumerator.swift; sourceTree = "<group>"; };
		9413617221C347D80033E470 /* Info.plist */ = {isa = PBXFileReference; lastKnownFileType = text.plist.xml; path = Info.plist; sourceTree = "<group>"; };
		9413617321C347D80033E470 /* FileProviderExtension.entitlements */ = {isa = PBXFileReference; lastKnownFileType = text.plist.entitlements; path = FileProviderExtension.entitlements; sourceTree = "<group>"; };
/* End PBXFileReference section */

/* Begin PBXFrameworksBuildPhase section */
		9413614E21C347BF0033E470 /* Frameworks */ = {
			isa = PBXFrameworksBuildPhase;
			buildActionMask = 2147483647;
			files = (
			);
			runOnlyForDeploymentPostprocessing = 0;
		};
		9413616721C347D80033E470 /* Frameworks */ = {
			isa = PBXFrameworksBuildPhase;
			buildActionMask = 2147483647;
			files = (
			);
			runOnlyForDeploymentPostprocessing = 0;
		};
/* End PBXFrameworksBuildPhase section */

/* Begin PBXGroup section */
		9413614821C347BF0033E470 = {
			isa = PBXGroup;
			children = (
				9413615321C347BF0033E470 /* FileProviderBugRepro */,
				9413616B21C347D80033E470 /* FileProviderExtension */,
				9413615221C347BF0033E470 /* Products */,
			);
			sourceTree = "<group>";
		};
		9413615221C347BF0033E470 /* Products */ = {
			isa = PBXGroup;
			children = (
				9413615121C347BF0033E470 /* FileProviderBugRepro.app */,
				9413616A21C347D80033E470 /* FileProviderExtension.appex */,
			);
			name = Products;
			sourceTree = "<group>";
		};
		9413615321C347BF0033E470 /* FileProviderBugRepro */ = {
			isa = PBXGroup;
			children = (
				9413615421C347BF0033E470 /* AppDelegate.swift */,
				9413615621C347BF0033E470 /* ViewController.swift */,
				9413615821C347BF0033E470 /* Main.storyboard */,
				9413615B21C347C00033E470 /* Assets.xcassets */,
				9413615D21C347C00033E470 /* LaunchScreen.storyboard */,
				9413616021C347C00033E470 /* Info.plist */,
			);
			path = FileProviderBugRepro;
			sourceTree = "<group>";
		};
		9413616B21C347D80033E470 /* FileProviderExtension */ = {
			isa = PBXGroup;
			children = (
				9413616C21C347D80033E470 /* FileProviderExtension.swift */,
				9413616E21C347D80033E470 /* FileProviderItem.swift */,
				9413617021C347D80033E470 /* FileProviderEnumerator.swift */,
				9413617221C347D80033E470 /* Info.plist */,
				9413617321C347D80033E470 /* FileProviderExtension.entitlements */,
			);
			path = FileProviderExtension;
			sourceTree = "<group>";
		};
/* End PBXGroup section */

/* Begin PBXNativeTarget section */
		9413615021C347BF0033E470 /* FileProviderBugRepro */ = {
			isa = PBXNativeTarget;
			buildConfigurationList = 9413616321C347C00033E470 /* Build configuration list for PBXNativeTarget "FileProviderBugRepro" */;
			buildPhases = (
				9413614D21C347BF0033E470 /* Sources */,
				9413614E21C347BF0033E470 /* Frameworks */,
				9413614F21C347BF0033E470 /* Resources */,
				9413617A21C347D80033E470 /* Embed App Extensions */,
			);
			buildRules = (
			);
			dependencies = (
				9413617521C347D80033E470 /* PBXTargetDependency */,
			);
			name = FileProviderBugRepro;
			productName = FileProviderBugRepro;
			productReference = 9413615121C347BF0033E470 /* FileProviderBugRepro.app */;
			productType = "com.apple.product-type.application";
		};
		9413616921C347D80033E470 /* FileProviderExtension */ = {
			isa = PBXNativeTarget;
			buildConfigurationList = 9413617721C347D80033E470 /* Build configuration list for PBXNativeTarget "FileProviderExtension" */;
			buildPhases = (
				9413616621C347D80033E470 /* Sources */,
				9413616721C347D80033E470 /* Frameworks */,
				9413616821C347D80033E470 /* Resources */,
			);
			buildRules = (
			);
			dependencies = (
			);
			name = FileProviderExtension;
			productName = FileProviderExtension;
			productReference = 9413616A21C347D80033E470 /* FileProviderExtension.appex */;
			productType = "com.apple.product-type.app-extension";
		};
/* End PBXNativeTarget section */

/* Begin PBXProject section */
		9413614921C347BF0033E470 /* Project object */ = {
			isa = PBXProject;
			attributes = {
				LastSwiftUpdateCheck = 1010;
				LastUpgradeCheck = 1010;
				TargetAttributes = {
					9413615021C347BF0033E470 = {
						CreatedOnToolsVersion = 10.1;
					};
					9413616921C347D80033E470 = {
						CreatedOnToolsVersion = 10.1;
					};
				};
			};
			buildConfigurationList = 9413614C21C347BF0033E470 /* Build configuration list for PBXProject "FileProviderBugRepro" */;
			compatibilityVersion = "Xcode 9.3";
			developmentRegion = en;
			hasScannedForEncodings = 0;
			knownRegions = (
				en,
				Base,
			);
			mainGroup = 9413614821C347BF0033E470;
			productRefGroup = 9413615221C347BF0033E470 /* Products */;
			projectDirPath = "";
			projectRoot = "";
			targets = (
				9413615021C347BF0033E470 /* FileProviderBugRepro */,
				9413616921C347D80033E470 /* FileProviderExtension */,
			);
		};
/* End PBXProject section */

/* Begin PBXResourcesBuildPhase section */
		9413614F21C347BF0033E470 /* Resources */ = {
			isa = PBXResourcesBuildPhase;
			buildActionMask = 2147483647;
			files = (
				9413615F21C347C00033E470 /* LaunchScreen.storyboard in Resources */,
				9413615C21C347C00033E470 /* Assets.xcassets in Resources */,
				9413615A21C347BF0033E470 /* Main.storyboard in Resources */,
			);
			runOnlyForDeploymentPostprocessing = 0;
		};
		9413616821C347D80033E470 /* Resources */ = {
			isa = PBXResourcesBuildPhase;
			buildActionMask = 2147483647;
			files = (
			);
			runOnlyForDeploymentPostprocessing = 0;
		};
/* End PBXResourcesBuildPhase section */

/* Begin PBXSourcesBuildPhase section */
		9413614D21C347BF0033E470 /* Sources */ = {
			isa = PBXSourcesBuildPhase;
			buildActionMask = 2147483647;
			files = (
				9413615721C347BF0033E470 /* ViewController.swift in Sources */,
				9413615521C347BF0033E470 /* AppDelegate.swift in Sources */,
			);
			runOnlyForDeploymentPostprocessing = 0;
		};
		9413616621C347D80033E470 /* Sources */ = {
			isa = PBXSourcesBuildPhase;
			buildActionMask = 2147483647;
			files = (
				9413616D21C347D80033E470 /* FileProviderExtension.swift in Sources */,
				9413616F21C347D80033E470 /* FileProviderItem.swift in Sources */,
				9413617121C347D80033E470 /* FileProviderEnumerator.swift in Sources */,
			);
			runOnlyForDeploymentPostprocessing = 0;
		};
/* End PBXSourcesBuildPhase section */

/* Begin PBXTargetDependency section */
		9413617521C347D80033E470 /* PBXTargetDependency */ = {
			isa = PBXTargetDependency;
			target = 9413616921C347D80033E470 /* FileProviderExtension */;
			targetProxy = 9413617421C347D80033E470 /* PBXContainerItemProxy */;
		};
/* End PBXTargetDependency section */

/* Begin PBXVariantGroup section */
		9413615821C347BF0033E470 /* Main.storyboard */ = {
			isa = PBXVariantGroup;
			children = (
				9413615921C347BF0033E470 /* Base */,
			);
			name = Main.storyboard;
			sourceTree = "<group>";
		};
		9413615D21C347C00033E470 /* LaunchScreen.storyboard */ = {
			isa = PBXVariantGroup;
			children = (
				9413615E21C347C00033E470 /* Base */,
			);
			name = LaunchScreen.storyboard;
			sourceTree = "<group>";
		};
/* End PBXVariantGroup section */

/* Begin XCBuildConfiguration section */
		9413616121C347C00033E470 /* Debug */ = {
			isa = XCBuildConfiguration;
			buildSettings = {
				ALWAYS_SEARCH_USER_PATHS = NO;
				CLANG_ANALYZER_NONNULL = YES;
				CLANG_ANALYZER_NUMBER_OBJECT_CONVERSION = YES_AGGRESSIVE;
				CLANG_CXX_LANGUAGE_STANDARD = "gnu++14";
				CLANG_CXX_LIBRARY = "libc++";
				CLANG_ENABLE_MODULES = YES;
				CLANG_ENABLE_OBJC_ARC = YES;
				CLANG_ENABLE_OBJC_WEAK = YES;
				CLANG_WARN_BLOCK_CAPTURE_AUTORELEASING = YES;
				CLANG_WARN_BOOL_CONVERSION = YES;
				CLANG_WARN_COMMA = YES;
				CLANG_WARN_CONSTANT_CONVERSION = YES;
				CLANG_WARN_DEPRECATED_OBJC_IMPLEMENTATIONS = YES;
				CLANG_WARN_DIRECT_OBJC_ISA_USAGE = YES_ERROR;
				CLANG_WARN_DOCUMENTATION_COMMENTS = YES;
				CLANG_WARN_EMPTY_BODY = YES;
				CLANG_WARN_ENUM_CONVERSION = YES;
				CLANG_WARN_INFINITE_RECURSION = YES;
				CLANG_WARN_INT_CONVERSION = YES;
				CLANG_WARN_NON_LITERAL_NULL_CONVERSION = YES;
				CLANG_WARN_OBJC_IMPLICIT_RETAIN_SELF = YES;
				CLANG_WARN_OBJC_LITERAL_CONVERSION = YES;
				CLANG_WARN_OBJC_ROOT_CLASS = YES_ERROR;
				CLANG_WARN_RANGE_LOOP_ANALYSIS = YES;
				CLANG_WARN_STRICT_PROTOTYPES = YES;
				CLANG_WARN_SUSPICIOUS_MOVE = YES;
				CLANG_WARN_UNGUARDED_AVAILABILITY = YES_AGGRESSIVE;
				CLANG_WARN_UNREACHABLE_CODE = YES;
				CLANG_WARN__DUPLICATE_METHOD_MATCH = YES;
				CODE_SIGN_IDENTITY = "iPhone Developer";
				COPY_PHASE_STRIP = NO;
				DEBUG_INFORMATION_FORMAT = dwarf;
				ENABLE_STRICT_OBJC_MSGSEND = YES;
				ENABLE_TESTABILITY = YES;
				GCC_C_LANGUAGE_STANDARD = gnu11;
				GCC_DYNAMIC_NO_PIC = NO;
				GCC_NO_COMMON_BLOCKS = YES;
				GCC_OPTIMIZATION_LEVEL = 0;
				GCC_PREPROCESSOR_DEFINITIONS = (
					"DEBUG=1",
					"$(inherited)",
				);
				GCC_WARN_64_TO_32_BIT_CONVERSION = YES;
				GCC_WARN_ABOUT_RETURN_TYPE = YES_ERROR;
				GCC_WARN_UNDECLARED_SELECTOR = YES;
				GCC_WARN_UNINITIALIZED_AUTOS = YES_AGGRESSIVE;
				GCC_WARN_UNUSED_FUNCTION = YES;
				GCC_WARN_UNUSED_VARIABLE = YES;
				IPHONEOS_DEPLOYMENT_TARGET = 12.1;
				MTL_ENABLE_DEBUG_INFO = INCLUDE_SOURCE;
				MTL_FAST_MATH = YES;
				ONLY_ACTIVE_ARCH = YES;
				SDKROOT = iphoneos;
				SWIFT_ACTIVE_COMPILATION_CONDITIONS = DEBUG;
				SWIFT_OPTIMIZATION_LEVEL = "-Onone";
			};
			name = Debug;
		};
		9413616221C347C00033E470 /* Release */ = {
			isa = XCBuildConfiguration;
			buildSettings = {
				ALWAYS_SEARCH_USER_PATHS = NO;
				CLANG_ANALYZER_NONNULL = YES;
				CLANG_ANALYZER_NUMBER_OBJECT_CONVERSION = YES_AGGRESSIVE;
				CLANG_CXX_LANGUAGE_STANDARD = "gnu++14";
				CLANG_CXX_LIBRARY = "libc++";
				CLANG_ENABLE_MODULES = YES;
				CLANG_ENABLE_OBJC_ARC = YES;
				CLANG_ENABLE_OBJC_WEAK = YES;
				CLANG_WARN_BLOCK_CAPTURE_AUTORELEASING = YES;
				CLANG_WARN_BOOL_CONVERSION = YES;
				CLANG_WARN_COMMA = YES;
				CLANG_WARN_CONSTANT_CONVERSION = YES;
				CLANG_WARN_DEPRECATED_OBJC_IMPLEMENTATIONS = YES;
				CLANG_WARN_DIRECT_OBJC_ISA_USAGE = YES_ERROR;
				CLANG_WARN_DOCUMENTATION_COMMENTS = YES;
				CLANG_WARN_EMPTY_BODY = YES;
				CLANG_WARN_ENUM_CONVERSION = YES;
				CLANG_WARN_INFINITE_RECURSION = YES;
				CLANG_WARN_INT_CONVERSION = YES;
				CLANG_WARN_NON_LITERAL_NULL_CONVERSION = YES;
				CLANG_WARN_OBJC_IMPLICIT_RETAIN_SELF = YES;
				CLANG_WARN_OBJC_LITERAL_CONVERSION = YES;
				CLANG_WARN_OBJC_ROOT_CLASS = YES_ERROR;
				CLANG_WARN_RANGE_LOOP_ANALYSIS = YES;
				CLANG_WARN_STRICT_PROTOTYPES = YES;
				CLANG_WARN_SUSPICIOUS_MOVE = YES;
				CLANG_WARN_UNGUARDED_AVAILABILITY = YES_AGGRESSIVE;
				CLANG_WARN_UNREACHABLE_CODE = YES;
				CLANG_WARN__DUPLICATE_METHOD_MATCH = YES;
				CODE_SIGN_IDENTITY = "iPhone Developer";
				COPY_PHASE_STRIP = NO;
				DEBUG_INFORMATION_FORMAT = "dwarf-with-dsym";
				ENABLE_NS_ASSERTIONS = NO;
				ENABLE_STRICT_OBJC_MSGSEND = YES;
				GCC_C_LANGUAGE_STANDARD = gnu11;
				GCC_NO_COMMON_BLOCKS = YES;
				GCC_WARN_64_TO_32_BIT_CONVERSION = YES;
				GCC_WARN_ABOUT_RETURN_TYPE = YES_ERROR;
				GCC_WARN_UNDECLARED_SELECTOR = YES;
				GCC_WARN_UNINITIALIZED_AUTOS = YES_AGGRESSIVE;
				GCC_WARN_UNUSED_FUNCTION = YES;
				GCC_WARN_UNUSED_VARIABLE = YES;
				IPHONEOS_DEPLOYMENT_TARGET = 12.1;
				MTL_ENABLE_DEBUG_INFO = NO;
				MTL_FAST_MATH = YES;
				SDKROOT = iphoneos;
				SWIFT_COMPILATION_MODE = wholemodule;
				SWIFT_OPTIMIZATION_LEVEL = "-O";
				VALIDATE_PRODUCT = YES;
			};
			name = Release;
		};
		9413616421C347C00033E470 /* Debug */ = {
			isa = XCBuildConfiguration;
			buildSettings = {
				ALWAYS_EMBED_SWIFT_STANDARD_LIBRARIES = YES;
				ASSETCATALOG_COMPILER_APPICON_NAME = AppIcon;
				CODE_SIGN_STYLE = Automatic;
				INFOPLIST_FILE = FileProviderBugRepro/Info.plist;
				LD_RUNPATH_SEARCH_PATHS = (
					"$(inherited)",
					"@executable_path/Frameworks",
				);
				PRODUCT_BUNDLE_IDENTIFIER = com.FileProviderBugRepro.FileProviderBugRepro;
				PRODUCT_NAME = "$(TARGET_NAME)";
				SWIFT_VERSION = 4.2;
				TARGETED_DEVICE_FAMILY = "1,2";
			};
			name = Debug;
		};
		9413616521C347C00033E470 /* Release */ = {
			isa = XCBuildConfiguration;
			buildSettings = {
				ALWAYS_EMBED_SWIFT_STANDARD_LIBRARIES = YES;
				ASSETCATALOG_COMPILER_APPICON_NAME = AppIcon;
				CODE_SIGN_STYLE = Automatic;
				INFOPLIST_FILE = FileProviderBugRepro/Info.plist;
				LD_RUNPATH_SEARCH_PATHS = (
					"$(inherited)",
					"@executable_path/Frameworks",
				);
				PRODUCT_BUNDLE_IDENTIFIER = com.FileProviderBugRepro.FileProviderBugRepro;
				PRODUCT_NAME = "$(TARGET_NAME)";
				SWIFT_VERSION = 4.2;
				TARGETED_DEVICE_FAMILY = "1,2";
			};
			name = Release;
		};
		9413617821C347D80033E470 /* Debug */ = {
			isa = XCBuildConfiguration;
			buildSettings = {
				CODE_SIGN_ENTITLEMENTS = FileProviderExtension/FileProviderExtension.entitlements;
				CODE_SIGN_STYLE = Automatic;
				INFOPLIST_FILE = FileProviderExtension/Info.plist;
				LD_RUNPATH_SEARCH_PATHS = (
					"$(inherited)",
					"@executable_path/Frameworks",
					"@executable_path/../../Frameworks",
				);
				PRODUCT_BUNDLE_IDENTIFIER = com.FileProviderBugRepro.FileProviderBugRepro.FileProviderExtension;
				PRODUCT_NAME = "$(TARGET_NAME)";
				SKIP_INSTALL = YES;
				SWIFT_VERSION = 4.2;
				TARGETED_DEVICE_FAMILY = "1,2";
			};
			name = Debug;
		};
		9413617921C347D80033E470 /* Release */ = {
			isa = XCBuildConfiguration;
			buildSettings = {
				CODE_SIGN_ENTITLEMENTS = FileProviderExtension/FileProviderExtension.entitlements;
				CODE_SIGN_STYLE = Automatic;
				INFOPLIST_FILE = FileProviderExtension/Info.plist;
				LD_RUNPATH_SEARCH_PATHS = (
					"$(inherited)",
					"@executable_path/Frameworks",
					"@executable_path/../../Frameworks",
				);
				PRODUCT_BUNDLE_IDENTIFIER = com.FileProviderBugRepro.FileProviderBugRepro.FileProviderExtension;
				PRODUCT_NAME = "$(TARGET_NAME)";
				SKIP_INSTALL = YES;
				SWIFT_VERSION = 4.2;
				TARGETED_DEVICE_FAMILY = "1,2";
			};
			name = Release;
		};
/* End XCBuildConfiguration section */

/* Begin XCConfigurationList section */
		9413614C21C347BF0033E470 /* Build configuration list for PBXProject "FileProviderBugRepro" */ = {
			isa = XCConfigurationList;
			buildConfigurations = (
				9413616121C347C00033E470 /* Debug */,
				9413616221C347C00033E470 /* Release */,
			);
			defaultConfigurationIsVisible = 0;
			defaultConfigurationName = Release;
		};
		9413616321C347C00033E470 /* Build configuration list for PBXNativeTarget "FileProviderBugRepro" */ = {
			isa = XCConfigurationList;
			buildConfigurations = (
				9413616421C347C00033E470 /* Debug */,
				9413616521C347C00033E470 /* Release */,
			);
			defaultConfigurationIsVisible = 0;
			defaultConfigurationName = Release;
		};
		9413617721C347D80033E470 /* Build configuration list for PBXNativeTarget "FileProviderExtension" */ = {
			isa = XCConfigurationList;
			buildConfigurations = (
				9413617821C347D80033E470 /* Debug */,
				9413617921C347D80033E470 /* Release */,
			);
			defaultConfigurationIsVisible = 0;
			defaultConfigurationName = Release;
		};
/* End XCConfigurationList section */
	};
	rootObject = 9413614921C347BF0033E470 /* Project object */;
}
